version: 2.0
shards:
  cron_parser:
    git: https://github.com/kostya/cron_parser.git
    version: 0.4.0

  db:
    git: https://github.com/crystal-lang/crystal-db.git
    version: 0.11.0

  dotenv:
    git: https://github.com/gdotdesign/cr-dotenv.git
    version: 1.0.0

  future:
    git: https://github.com/crystal-community/future.cr.git
    version: 1.0.0

  mastodon:
    git: https://github.com/watzon/mastodon.cr.git
    version: 0.1.2+git.commit.7a84ad895e3dd4b4cda1e6a0cb5146c922d69b37

  sqlite3:
    git: https://github.com/crystal-lang/crystal-sqlite3.git
    version: 0.19.0

  tasker:
    git: https://github.com/spider-gazelle/tasker.git
    version: 2.0.7

